// !$*UTF8*$!
{
	archiveVersion = 1;
	classes = {
	};
	objectVersion = 46;
	objects = {

/* Begin PBXBuildFile section */
		83147B781D25109000289BA6 /* DataStream.swift in Sources */ = {isa = PBXBuildFile; fileRef = 83147B771D25109000289BA6 /* DataStream.swift */; };
		83863D621D26582800E30D0C /* Alignment.swift in Sources */ = {isa = PBXBuildFile; fileRef = 83863D611D26582800E30D0C /* Alignment.swift */; };
		83C42EE51D2566E400658614 /* small.aln in Resources */ = {isa = PBXBuildFile; fileRef = 83A581341D255774000CC2CF /* small.aln */; };
		83C42EE61D2568D400658614 /* large.aln in Resources */ = {isa = PBXBuildFile; fileRef = 83147B741D2410B700289BA6 /* large.aln */; };
		_LinkFileRef_AlchemyCSA_via_AlchemyCSATestSuite /* AlchemyCSA.framework in Frameworks */ = {isa = PBXBuildFile; fileRef = "_____Product_AlchemyCSA" /* AlchemyCSA.framework */; };
		__src_cc_ref_Sources/AlchemyCSA.swift /* Alphabet.swift in Sources */ = {isa = PBXBuildFile; fileRef = __PBXFileRef_Sources/AlchemyCSA.swift /* Alphabet.swift */; };
		__src_cc_ref_Tests/AlchemyCSA/AlchemyCSATests.swift /* AlchemyCSATests.swift in Sources */ = {isa = PBXBuildFile; fileRef = __PBXFileRef_Tests/AlchemyCSA/AlchemyCSATests.swift /* AlchemyCSATests.swift */; };
/* End PBXBuildFile section */

/* Begin PBXContainerItemProxy section */
		83147B6C1D23F73800289BA6 /* PBXContainerItemProxy */ = {
			isa = PBXContainerItemProxy;
			containerPortal = __RootObject_ /* Project object */;
			proxyType = 1;
			remoteGlobalIDString = "______Target_AlchemyCSA";
			remoteInfo = AlchemyCSA;
		};
/* End PBXContainerItemProxy section */

/* Begin PBXFileReference section */
		83147B6E1D23F7B600289BA6 /* Demo.playground */ = {isa = PBXFileReference; lastKnownFileType = file.playground; path = Demo.playground; sourceTree = "<group>"; };
		83147B6F1D23F7B600289BA6 /* LICENSE.md */ = {isa = PBXFileReference; fileEncoding = 4; lastKnownFileType = net.daringfireball.markdown; path = LICENSE.md; sourceTree = "<group>"; };
		83147B701D23F7B600289BA6 /* README.md */ = {isa = PBXFileReference; fileEncoding = 4; lastKnownFileType = net.daringfireball.markdown; path = README.md; sourceTree = "<group>"; };
		83147B741D2410B700289BA6 /* large.aln */ = {isa = PBXFileReference; fileEncoding = 4; lastKnownFileType = text; name = large.aln; path = Data/large.aln; sourceTree = "<group>"; };
		83147B771D25109000289BA6 /* DataStream.swift */ = {isa = PBXFileReference; fileEncoding = 4; lastKnownFileType = sourcecode.swift; name = DataStream.swift; path = Sources/DataStream.swift; sourceTree = "<group>"; };
		83863D611D26582800E30D0C /* Alignment.swift */ = {isa = PBXFileReference; fileEncoding = 4; lastKnownFileType = sourcecode.swift; name = Alignment.swift; path = Sources/Alignment.swift; sourceTree = "<group>"; };
		83A581341D255774000CC2CF /* small.aln */ = {isa = PBXFileReference; fileEncoding = 4; lastKnownFileType = text; name = small.aln; path = Data/small.aln; sourceTree = "<group>"; };
		__PBXFileRef_AlchemyCSA.xcodeproj/Configs/Project.xcconfig /* Project.xcconfig */ = {isa = PBXFileReference; lastKnownFileType = text.xcconfig; name = Project.xcconfig; path = AlchemyCSA.xcodeproj/Configs/Project.xcconfig; sourceTree = "<group>"; };
		__PBXFileRef_AlchemyCSATestSuite_Info.plist /* AlchemyCSATestSuite_Info.plist */ = {isa = PBXFileReference; lastKnownFileType = text.plist.xml; name = AlchemyCSATestSuite_Info.plist; path = AlchemyCSA.xcodeproj/AlchemyCSATestSuite_Info.plist; sourceTree = SOURCE_ROOT; };
		__PBXFileRef_AlchemyCSA_Info.plist /* AlchemyCSA_Info.plist */ = {isa = PBXFileReference; lastKnownFileType = text.plist.xml; name = AlchemyCSA_Info.plist; path = AlchemyCSA.xcodeproj/AlchemyCSA_Info.plist; sourceTree = SOURCE_ROOT; };
		__PBXFileRef_Package.swift /* Package.swift */ = {isa = PBXFileReference; lastKnownFileType = sourcecode.swift; path = Package.swift; sourceTree = "<group>"; };
		__PBXFileRef_Sources/AlchemyCSA.swift /* Alphabet.swift */ = {isa = PBXFileReference; lastKnownFileType = sourcecode.swift; name = Alphabet.swift; path = Sources/Alphabet.swift; sourceTree = "<group>"; };
		__PBXFileRef_Tests/AlchemyCSA/AlchemyCSATests.swift /* AlchemyCSATests.swift */ = {isa = PBXFileReference; lastKnownFileType = sourcecode.swift; path = AlchemyCSATests.swift; sourceTree = "<group>"; };
		"_____Product_AlchemyCSA" /* AlchemyCSA.framework */ = {isa = PBXFileReference; explicitFileType = wrapper.framework; path = AlchemyCSA.framework; sourceTree = BUILT_PRODUCTS_DIR; };
		"_____Product_AlchemyCSATestSuite" /* AlchemyCSATestSuite.xctest */ = {isa = PBXFileReference; lastKnownFileType = file; path = AlchemyCSATestSuite.xctest; sourceTree = BUILT_PRODUCTS_DIR; };
/* End PBXFileReference section */

/* Begin PBXFrameworksBuildPhase section */
		"___LinkPhase_AlchemyCSA" /* Frameworks */ = {
			isa = PBXFrameworksBuildPhase;
			buildActionMask = 0;
			files = (
			);
			runOnlyForDeploymentPostprocessing = 0;
		};
		"___LinkPhase_AlchemyCSATestSuite" /* Frameworks */ = {
			isa = PBXFrameworksBuildPhase;
			buildActionMask = 0;
			files = (
				_LinkFileRef_AlchemyCSA_via_AlchemyCSATestSuite /* AlchemyCSA.framework in Frameworks */,
			);
			runOnlyForDeploymentPostprocessing = 0;
		};
/* End PBXFrameworksBuildPhase section */

/* Begin PBXGroup section */
		83147B6D1D23F74200289BA6 /* Supporting Files */ = {
			isa = PBXGroup;
			children = (
				__PBXFileRef_AlchemyCSA_Info.plist /* AlchemyCSA_Info.plist */,
				__PBXFileRef_AlchemyCSATestSuite_Info.plist /* AlchemyCSATestSuite_Info.plist */,
			);
			name = "Supporting Files";
			sourceTree = "<group>";
		};
		83147B731D24109A00289BA6 /* Data */ = {
			isa = PBXGroup;
			children = (
				83147B741D2410B700289BA6 /* large.aln */,
				83A581341D255774000CC2CF /* small.aln */,
			);
			name = Data;
			sourceTree = "<group>";
		};
		TestProducts_ /* Tests */ = {
			isa = PBXGroup;
			children = (
				"_____Product_AlchemyCSATestSuite" /* AlchemyCSATestSuite.xctest */,
			);
			name = Tests;
			sourceTree = "<group>";
		};
		"___RootGroup_" = {
			isa = PBXGroup;
			children = (
				83147B6F1D23F7B600289BA6 /* LICENSE.md */,
				83147B701D23F7B600289BA6 /* README.md */,
				__PBXFileRef_Package.swift /* Package.swift */,
				83147B6E1D23F7B600289BA6 /* Demo.playground */,
				"_____Configs_" /* Configs */,
				83147B731D24109A00289BA6 /* Data */,
				"_____Sources_" /* Sources */,
				83147B6D1D23F74200289BA6 /* Supporting Files */,
				"_______Tests_" /* Tests */,
				"____Products_" /* Products */,
			);
			sourceTree = "<group>";
		};
		"____Products_" /* Products */ = {
			isa = PBXGroup;
			children = (
				TestProducts_ /* Tests */,
				"_____Product_AlchemyCSA" /* AlchemyCSA.framework */,
			);
			name = Products;
			sourceTree = "<group>";
		};
		"_____Configs_" /* Configs */ = {
			isa = PBXGroup;
			children = (
				__PBXFileRef_AlchemyCSA.xcodeproj/Configs/Project.xcconfig /* Project.xcconfig */,
			);
			name = Configs;
			sourceTree = "<group>";
		};
		"_____Sources_" /* Sources */ = {
			isa = PBXGroup;
			children = (
				83863D611D26582800E30D0C /* Alignment.swift */,
				__PBXFileRef_Sources/AlchemyCSA.swift /* Alphabet.swift */,
				83147B771D25109000289BA6 /* DataStream.swift */,
			);
			name = Sources;
			sourceTree = "<group>";
		};
		"_______Group_AlchemyCSATestSuite" /* AlchemyCSATestSuite */ = {
			isa = PBXGroup;
			children = (
				__PBXFileRef_Tests/AlchemyCSA/AlchemyCSATests.swift /* AlchemyCSATests.swift */,
			);
			name = AlchemyCSATestSuite;
			path = Tests/AlchemyCSA;
			sourceTree = "<group>";
		};
		"_______Tests_" /* Tests */ = {
			isa = PBXGroup;
			children = (
				"_______Group_AlchemyCSATestSuite" /* AlchemyCSATestSuite */,
			);
			name = Tests;
			sourceTree = "<group>";
		};
/* End PBXGroup section */

/* Begin PBXNativeTarget section */
		"______Target_AlchemyCSA" /* AlchemyCSA */ = {
			isa = PBXNativeTarget;
			buildConfigurationList = "_______Confs_AlchemyCSA" /* Build configuration list for PBXNativeTarget "AlchemyCSA" */;
			buildPhases = (
				CompilePhase_AlchemyCSA /* Sources */,
				"___LinkPhase_AlchemyCSA" /* Frameworks */,
			);
			buildRules = (
			);
			dependencies = (
			);
			name = AlchemyCSA;
			productName = AlchemyCSA;
			productReference = "_____Product_AlchemyCSA" /* AlchemyCSA.framework */;
			productType = "com.apple.product-type.framework";
		};
		"______Target_AlchemyCSATestSuite" /* AlchemyCSATestSuite */ = {
			isa = PBXNativeTarget;
			buildConfigurationList = "_______Confs_AlchemyCSATestSuite" /* Build configuration list for PBXNativeTarget "AlchemyCSATestSuite" */;
			buildPhases = (
				CompilePhase_AlchemyCSATestSuite /* Sources */,
				"___LinkPhase_AlchemyCSATestSuite" /* Frameworks */,
				83C42EE41D2566DE00658614 /* Resources */,
			);
			buildRules = (
			);
			dependencies = (
				__Dependency_AlchemyCSA /* PBXTargetDependency */,
			);
			name = AlchemyCSATestSuite;
			productName = AlchemyCSATestSuite;
			productReference = "_____Product_AlchemyCSATestSuite" /* AlchemyCSATestSuite.xctest */;
			productType = "com.apple.product-type.bundle.unit-test";
		};
/* End PBXNativeTarget section */

/* Begin PBXProject section */
		__RootObject_ /* Project object */ = {
			isa = PBXProject;
			attributes = {
				LastUpgradeCheck = 9999;
			};
			buildConfigurationList = "___RootConfs_" /* Build configuration list for PBXProject "AlchemyCSA" */;
			compatibilityVersion = "Xcode 3.2";
			developmentRegion = English;
			hasScannedForEncodings = 0;
			knownRegions = (
				en,
			);
			mainGroup = "___RootGroup_";
			productRefGroup = "____Products_" /* Products */;
			projectDirPath = "";
			projectRoot = "";
			targets = (
				"______Target_AlchemyCSA" /* AlchemyCSA */,
				"______Target_AlchemyCSATestSuite" /* AlchemyCSATestSuite */,
			);
		};
/* End PBXProject section */

/* Begin PBXResourcesBuildPhase section */
		83C42EE41D2566DE00658614 /* Resources */ = {
			isa = PBXResourcesBuildPhase;
			buildActionMask = 2147483647;
			files = (
				83C42EE61D2568D400658614 /* large.aln in Resources */,
				83C42EE51D2566E400658614 /* small.aln in Resources */,
			);
			runOnlyForDeploymentPostprocessing = 0;
		};
/* End PBXResourcesBuildPhase section */

/* Begin PBXSourcesBuildPhase section */
		CompilePhase_AlchemyCSA /* Sources */ = {
			isa = PBXSourcesBuildPhase;
			buildActionMask = 0;
			files = (
				__src_cc_ref_Sources/AlchemyCSA.swift /* Alphabet.swift in Sources */,
				83863D621D26582800E30D0C /* Alignment.swift in Sources */,
				83147B781D25109000289BA6 /* DataStream.swift in Sources */,
			);
			runOnlyForDeploymentPostprocessing = 0;
		};
		CompilePhase_AlchemyCSATestSuite /* Sources */ = {
			isa = PBXSourcesBuildPhase;
			buildActionMask = 0;
			files = (
				__src_cc_ref_Tests/AlchemyCSA/AlchemyCSATests.swift /* AlchemyCSATests.swift in Sources */,
			);
			runOnlyForDeploymentPostprocessing = 0;
		};
/* End PBXSourcesBuildPhase section */

/* Begin PBXTargetDependency section */
		__Dependency_AlchemyCSA /* PBXTargetDependency */ = {
			isa = PBXTargetDependency;
			target = "______Target_AlchemyCSA" /* AlchemyCSA */;
			targetProxy = 83147B6C1D23F73800289BA6 /* PBXContainerItemProxy */;
		};
/* End PBXTargetDependency section */

/* Begin XCBuildConfiguration section */
		_ReleaseConf_AlchemyCSA /* Release */ = {
			isa = XCBuildConfiguration;
			buildSettings = {
				CURRENT_PROJECT_VERSION = 0.2.0;
				ENABLE_TESTABILITY = YES;
				INFOPLIST_FILE = AlchemyCSA.xcodeproj/AlchemyCSA_Info.plist;
				LD_RUNPATH_SEARCH_PATHS = "$(TOOLCHAIN_DIR)/usr/lib/swift/macosx";
				OTHER_LDFLAGS = "$(inherited)";
				OTHER_SWIFT_FLAGS = "$(inherited)";
				PRODUCT_MODULE_NAME = "$(TARGET_NAME:c99extidentifier)";
				PRODUCT_NAME = "$(TARGET_NAME:c99extidentifier)";
				VERSIONING_SYSTEM = "apple-generic";
			};
			name = Release;
		};
		_ReleaseConf_AlchemyCSATestSuite /* Release */ = {
			isa = XCBuildConfiguration;
			buildSettings = {
				EMBEDDED_CONTENT_CONTAINS_SWIFT = YES;
				INFOPLIST_FILE = AlchemyCSA.xcodeproj/AlchemyCSATestSuite_Info.plist;
				LD_RUNPATH_SEARCH_PATHS = "@loader_path/../Frameworks";
				OTHER_LDFLAGS = "$(inherited)";
				OTHER_SWIFT_FLAGS = "$(inherited)";
			};
			name = Release;
		};
		"___DebugConf_AlchemyCSA" /* Debug */ = {
			isa = XCBuildConfiguration;
			buildSettings = {
				CURRENT_PROJECT_VERSION = 0.2.0;
				ENABLE_TESTABILITY = YES;
				INFOPLIST_FILE = AlchemyCSA.xcodeproj/AlchemyCSA_Info.plist;
				LD_RUNPATH_SEARCH_PATHS = "$(TOOLCHAIN_DIR)/usr/lib/swift/macosx";
				OTHER_LDFLAGS = "$(inherited)";
				OTHER_SWIFT_FLAGS = "$(inherited)";
				PRODUCT_MODULE_NAME = "$(TARGET_NAME:c99extidentifier)";
				PRODUCT_NAME = "$(TARGET_NAME:c99extidentifier)";
				SWIFT_OPTIMIZATION_LEVEL = "-Onone";
				VERSIONING_SYSTEM = "apple-generic";
			};
			name = Debug;
		};
		"___DebugConf_AlchemyCSATestSuite" /* Debug */ = {
			isa = XCBuildConfiguration;
			buildSettings = {
				EMBEDDED_CONTENT_CONTAINS_SWIFT = YES;
				INFOPLIST_FILE = AlchemyCSA.xcodeproj/AlchemyCSATestSuite_Info.plist;
				LD_RUNPATH_SEARCH_PATHS = "@loader_path/../Frameworks";
				OTHER_LDFLAGS = "$(inherited)";
				OTHER_SWIFT_FLAGS = "$(inherited)";
				SWIFT_OPTIMIZATION_LEVEL = "-Onone";
			};
			name = Debug;
		};
		"_____Release_" /* Release */ = {
			isa = XCBuildConfiguration;
			baseConfigurationReference = __PBXFileRef_AlchemyCSA.xcodeproj/Configs/Project.xcconfig /* Project.xcconfig */;
			buildSettings = {
			};
			name = Release;
		};
		"_______Debug_" /* Debug */ = {
			isa = XCBuildConfiguration;
			baseConfigurationReference = __PBXFileRef_AlchemyCSA.xcodeproj/Configs/Project.xcconfig /* Project.xcconfig */;
			buildSettings = {
			};
			name = Debug;
		};
/* End XCBuildConfiguration section */

/* Begin XCConfigurationList section */
		"___RootConfs_" /* Build configuration list for PBXProject "AlchemyCSA" */ = {
			isa = XCConfigurationList;
			buildConfigurations = (
				"_______Debug_" /* Debug */,
				"_____Release_" /* Release */,
			);
			defaultConfigurationIsVisible = 0;
			defaultConfigurationName = Debug;
		};
		"_______Confs_AlchemyCSA" /* Build configuration list for PBXNativeTarget "AlchemyCSA" */ = {
			isa = XCConfigurationList;
			buildConfigurations = (
				"___DebugConf_AlchemyCSA" /* Debug */,
				_ReleaseConf_AlchemyCSA /* Release */,
			);
			defaultConfigurationIsVisible = 0;
			defaultConfigurationName = Debug;
		};
		"_______Confs_AlchemyCSATestSuite" /* Build configuration list for PBXNativeTarget "AlchemyCSATestSuite" */ = {
			isa = XCConfigurationList;
			buildConfigurations = (
				"___DebugConf_AlchemyCSATestSuite" /* Debug */,
				_ReleaseConf_AlchemyCSATestSuite /* Release */,
			);
			defaultConfigurationIsVisible = 0;
			defaultConfigurationName = Debug;
		};
/* End XCConfigurationList section */
	};
	rootObject = __RootObject_ /* Project object */;
}
